
Microsoft Visual Studio Solution File, Format Version 12.00
# Visual Studio Version 17
VisualStudioVersion = 17.5.33414.496
MinimumVisualStudioVersion = 10.0.40219.1
Project("{FAE04EC0-301F-11D3-BF4B-00C04F79EFBC}") = "ClassTaskUdemyAPI", "ClassTaskUdemyAPI\ClassTaskUdemyAPI.csproj", "{1EA663FA-D84A-4C24-BCE4-2050BFCF434F}"
EndProject
Global
	GlobalSection(SolutionConfigurationPlatforms) = preSolution
		Debug|Any CPU = Debug|Any CPU
		Release|Any CPU = Release|Any CPU
	EndGlobalSection
	GlobalSection(ProjectConfigurationPlatforms) = postSolution
		{1EA663FA-D84A-4C24-BCE4-2050BFCF434F}.Debug|Any CPU.ActiveCfg = Debug|Any CPU
		{1EA663FA-D84A-4C24-BCE4-2050BFCF434F}.Debug|Any CPU.Build.0 = Debug|Any CPU
		{1EA663FA-D84A-4C24-BCE4-2050BFCF434F}.Release|Any CPU.ActiveCfg = Release|Any CPU
		{1EA663FA-D84A-4C24-BCE4-2050BFCF434F}.Release|Any CPU.Build.0 = Release|Any CPU
	EndGlobalSection
	GlobalSection(SolutionProperties) = preSolution
		HideSolutionNode = FALSE
	EndGlobalSection
	GlobalSection(ExtensibilityGlobals) = postSolution
		SolutionGuid = {4ECA534A-C9AE-4D9B-A897-44F097B65ED3}
	EndGlobalSection
EndGlobal
